// !$*UTF8*$!
{
	archiveVersion = 1;
	classes = {
	};
	objectVersion = 46;
	objects = {

/* Begin PBXBuildFile section */
		6F052C871C995BCE00AF8312 /* ic_ripple_trigger_no_shadow.png in Resources */ = {isa = PBXBuildFile; fileRef = 6F052C861C995BCE00AF8312 /* ic_ripple_trigger_no_shadow.png */; };
		6F052C8D1C99659B00AF8312 /* CountdownViewController.m in Sources */ = {isa = PBXBuildFile; fileRef = 6F052C8C1C99659B00AF8312 /* CountdownViewController.m */; };
		6F052C901C9AAE1800AF8312 /* DNLLUrlFormatter.m in Sources */ = {isa = PBXBuildFile; fileRef = 6F052C8F1C9AAE1800AF8312 /* DNLLUrlFormatter.m */; };
		6F052C931C9AB1DD00AF8312 /* UrlFormatter.m in Sources */ = {isa = PBXBuildFile; fileRef = 6F052C921C9AB1DD00AF8312 /* UrlFormatter.m */; };
		6F052C961C9AB2F700AF8312 /* DNLLRegisterUrl.m in Sources */ = {isa = PBXBuildFile; fileRef = 6F052C951C9AB2F700AF8312 /* DNLLRegisterUrl.m */; };
		6F052C991C9AB3C800AF8312 /* DNLLFormatterFactory.m in Sources */ = {isa = PBXBuildFile; fileRef = 6F052C981C9AB3C800AF8312 /* DNLLFormatterFactory.m */; };
		6F052C9B1C9AB7D000AF8312 /* RegisterUrlTest.m in Sources */ = {isa = PBXBuildFile; fileRef = 6F052C9A1C9AB7D000AF8312 /* RegisterUrlTest.m */; };
		6F052C9E1C9ABB6A00AF8312 /* NSString+NSStringUrlEncode.m in Sources */ = {isa = PBXBuildFile; fileRef = 6F052C9D1C9ABB6A00AF8312 /* NSString+NSStringUrlEncode.m */; };
		6F052CA11C9ABE8A00AF8312 /* DNLLCompleteUrl.m in Sources */ = {isa = PBXBuildFile; fileRef = 6F052CA01C9ABE8A00AF8312 /* DNLLCompleteUrl.m */; };
		6F1278681CA1529B000921E7 /* TwitterResponderViewController.m in Sources */ = {isa = PBXBuildFile; fileRef = 6F1278661CA1529B000921E7 /* TwitterResponderViewController.m */; };
		6F1278691CA1529B000921E7 /* TwitterResponderViewController.xib in Resources */ = {isa = PBXBuildFile; fileRef = 6F1278671CA1529B000921E7 /* TwitterResponderViewController.xib */; };
		6F12786D1CA15632000921E7 /* BaseResponderViewController.m in Sources */ = {isa = PBXBuildFile; fileRef = 6F12786C1CA15632000921E7 /* BaseResponderViewController.m */; };
		6F48ABA71CA002D700189F2E /* Fabric.framework in Frameworks */ = {isa = PBXBuildFile; fileRef = 6F48ABA51CA002D700189F2E /* Fabric.framework */; };
		6F48ABA81CA002D700189F2E /* Crashlytics.framework in Frameworks */ = {isa = PBXBuildFile; fileRef = 6F48ABA61CA002D700189F2E /* Crashlytics.framework */; };
		6F48ABAC1CA008E700189F2E /* TwitterKit.framework in Frameworks */ = {isa = PBXBuildFile; fileRef = 6F48ABA91CA008E600189F2E /* TwitterKit.framework */; };
		6F48ABAD1CA008E700189F2E /* TwitterKitResources.bundle in Resources */ = {isa = PBXBuildFile; fileRef = 6F48ABAA1CA008E700189F2E /* TwitterKitResources.bundle */; };
		6F48ABAE1CA008E700189F2E /* TwitterCore.framework in Frameworks */ = {isa = PBXBuildFile; fileRef = 6F48ABAB1CA008E700189F2E /* TwitterCore.framework */; };
		6F48ABB01CA00AFD00189F2E /* secrets.plist in Resources */ = {isa = PBXBuildFile; fileRef = 6F48ABAF1CA00AFD00189F2E /* secrets.plist */; };
		6F48ABB51CA0406D00189F2E /* ExtraResponderTableViewCell.m in Sources */ = {isa = PBXBuildFile; fileRef = 6F48ABB31CA0406D00189F2E /* ExtraResponderTableViewCell.m */; };
		6F48ABB61CA0406D00189F2E /* ExtraResponderTableViewCell.xib in Resources */ = {isa = PBXBuildFile; fileRef = 6F48ABB41CA0406D00189F2E /* ExtraResponderTableViewCell.xib */; };
		6F48ABB91CA0461000189F2E /* InternalResponders.m in Sources */ = {isa = PBXBuildFile; fileRef = 6F48ABB81CA0461000189F2E /* InternalResponders.m */; };
		6F48ABBD1CA0462400189F2E /* Responder.m in Sources */ = {isa = PBXBuildFile; fileRef = 6F48ABBC1CA0462400189F2E /* Responder.m */; };
		6F48ABC01CA046B800189F2E /* ResponderFactory.m in Sources */ = {isa = PBXBuildFile; fileRef = 6F48ABBF1CA046B800189F2E /* ResponderFactory.m */; };
		6F48ABC21CA047F300189F2E /* RespondersListTest.m in Sources */ = {isa = PBXBuildFile; fileRef = 6F48ABC11CA047F300189F2E /* RespondersListTest.m */; };
		6F48ABC41CA0497100189F2E /* ResponderTest.m in Sources */ = {isa = PBXBuildFile; fileRef = 6F48ABC31CA0497100189F2E /* ResponderTest.m */; };
		6F48ABC61CA056E500189F2E /* responders.plist in Resources */ = {isa = PBXBuildFile; fileRef = 6F48ABC51CA056E500189F2E /* responders.plist */; };
		6F7F70931C980E3C0010CA9B /* Trigger.m in Sources */ = {isa = PBXBuildFile; fileRef = 6F7F70921C980E3C0010CA9B /* Trigger.m */; };
		6F9F14991C9EF44D005C13FB /* ExtraRespondersTableViewController.m in Sources */ = {isa = PBXBuildFile; fileRef = 6F9F14981C9EF44D005C13FB /* ExtraRespondersTableViewController.m */; };
		6FACA8AC1C916F92004F43F5 /* main.m in Sources */ = {isa = PBXBuildFile; fileRef = 6FACA8AB1C916F92004F43F5 /* main.m */; };
		6FACA8AF1C916F92004F43F5 /* AppDelegate.m in Sources */ = {isa = PBXBuildFile; fileRef = 6FACA8AE1C916F92004F43F5 /* AppDelegate.m */; };
		6FACA8B21C916F92004F43F5 /* ViewController.m in Sources */ = {isa = PBXBuildFile; fileRef = 6FACA8B11C916F92004F43F5 /* ViewController.m */; };
		6FACA8B51C916F92004F43F5 /* Main.storyboard in Resources */ = {isa = PBXBuildFile; fileRef = 6FACA8B31C916F92004F43F5 /* Main.storyboard */; };
		6FACA8B71C916F92004F43F5 /* Assets.xcassets in Resources */ = {isa = PBXBuildFile; fileRef = 6FACA8B61C916F92004F43F5 /* Assets.xcassets */; };
		6FACA8BA1C916F92004F43F5 /* LaunchScreen.storyboard in Resources */ = {isa = PBXBuildFile; fileRef = 6FACA8B81C916F92004F43F5 /* LaunchScreen.storyboard */; };
		6FACA8C51C916F92004F43F5 /* RippleTests.m in Sources */ = {isa = PBXBuildFile; fileRef = 6FACA8C41C916F92004F43F5 /* RippleTests.m */; };
		6FACA8D31C917797004F43F5 /* RegisteredApplication.m in Sources */ = {isa = PBXBuildFile; fileRef = 6FACA8D21C917797004F43F5 /* RegisteredApplication.m */; };
		6FACA8D61C9178B8004F43F5 /* RegisteredApplicationList.m in Sources */ = {isa = PBXBuildFile; fileRef = 6FACA8D51C9178B8004F43F5 /* RegisteredApplicationList.m */; };
		6FACA8D81C9179E0004F43F5 /* RegisteredApplicationTest.m in Sources */ = {isa = PBXBuildFile; fileRef = 6FACA8D71C9179E0004F43F5 /* RegisteredApplicationTest.m */; };
		6FACA8DA1C917ADD004F43F5 /* RegisteredApplicationListTest.m in Sources */ = {isa = PBXBuildFile; fileRef = 6FACA8D91C917ADD004F43F5 /* RegisteredApplicationListTest.m */; };
		6FACA8DE1C917BC8004F43F5 /* RegisteredApplicationCD.m in Sources */ = {isa = PBXBuildFile; fileRef = 6FACA8DD1C917BC8004F43F5 /* RegisteredApplicationCD.m */; };
		6FACA8E11C917BDD004F43F5 /* Ripple.xcdatamodeld in Sources */ = {isa = PBXBuildFile; fileRef = 6FACA8DF1C917BDD004F43F5 /* Ripple.xcdatamodeld */; };
		6FACA8E41C917DAC004F43F5 /* CoreDataHandler.m in Sources */ = {isa = PBXBuildFile; fileRef = 6FACA8E31C917DAC004F43F5 /* CoreDataHandler.m */; };
		6FACA8EC1C9182BA004F43F5 /* RegisteredApplicationCDTest.m in Sources */ = {isa = PBXBuildFile; fileRef = 6FACA8EB1C9182BA004F43F5 /* RegisteredApplicationCDTest.m */; };
		6FACA8F31C9187BE004F43F5 /* RegisteredApplicationEntity+CoreDataProperties.m in Sources */ = {isa = PBXBuildFile; fileRef = 6FACA8F01C9187BE004F43F5 /* RegisteredApplicationEntity+CoreDataProperties.m */; };
		6FACA8F41C9187BE004F43F5 /* RegisteredApplicationEntity.m in Sources */ = {isa = PBXBuildFile; fileRef = 6FACA8F21C9187BE004F43F5 /* RegisteredApplicationEntity.m */; };
		6FACA8F71C9189F0004F43F5 /* RegisteredApplicationListCD.m in Sources */ = {isa = PBXBuildFile; fileRef = 6FACA8F61C9189F0004F43F5 /* RegisteredApplicationListCD.m */; };
		6FACA8FA1C91934E004F43F5 /* RegisteredApplicationFactory.m in Sources */ = {isa = PBXBuildFile; fileRef = 6FACA8F91C91934E004F43F5 /* RegisteredApplicationFactory.m */; };
		6FACA8FC1C91960C004F43F5 /* RegisteredApplicationListCDTest.m in Sources */ = {isa = PBXBuildFile; fileRef = 6FACA8FB1C91960C004F43F5 /* RegisteredApplicationListCDTest.m */; };
		6FACA8FE1C91B911004F43F5 /* RegisteredApplicationFactoryTest.m in Sources */ = {isa = PBXBuildFile; fileRef = 6FACA8FD1C91B911004F43F5 /* RegisteredApplicationFactoryTest.m */; };
		6FACA9001C91BBB7004F43F5 /* AppDelegateTest.m in Sources */ = {isa = PBXBuildFile; fileRef = 6FACA8FF1C91BBB7004F43F5 /* AppDelegateTest.m */; };
		6FACA9031C91C31E004F43F5 /* URLSchemeHandler.m in Sources */ = {isa = PBXBuildFile; fileRef = 6FACA9021C91C31E004F43F5 /* URLSchemeHandler.m */; };
		6FACA9051C91CD9C004F43F5 /* UrlSchemeHandlertest.m in Sources */ = {isa = PBXBuildFile; fileRef = 6FACA9041C91CD9C004F43F5 /* UrlSchemeHandlertest.m */; };
		6FB1CF681C974079009652CF /* RegisteredAppTableViewController.m in Sources */ = {isa = PBXBuildFile; fileRef = 6FB1CF671C974079009652CF /* RegisteredAppTableViewController.m */; };
		6FCC1F321C9ADBA90014A43B /* DNLLCompletionUrlTest.m in Sources */ = {isa = PBXBuildFile; fileRef = 6FCC1F311C9ADBA90014A43B /* DNLLCompletionUrlTest.m */; };
		6FCC1F341C9ADC440014A43B /* FormatterFactoryTest.m in Sources */ = {isa = PBXBuildFile; fileRef = 6FCC1F331C9ADC440014A43B /* FormatterFactoryTest.m */; };
		6FCC1F371C9AE2090014A43B /* DNLLTriggerUrl.m in Sources */ = {isa = PBXBuildFile; fileRef = 6FCC1F361C9AE2090014A43B /* DNLLTriggerUrl.m */; };
		6FCC1F391C9AE3EE0014A43B /* TestTriggerUrl.m in Sources */ = {isa = PBXBuildFile; fileRef = 6FCC1F381C9AE3EE0014A43B /* TestTriggerUrl.m */; };
/* End PBXBuildFile section */

/* Begin PBXContainerItemProxy section */
		6FACA8C11C916F92004F43F5 /* PBXContainerItemProxy */ = {
			isa = PBXContainerItemProxy;
			containerPortal = 6FACA89F1C916F92004F43F5 /* Project object */;
			proxyType = 1;
			remoteGlobalIDString = 6FACA8A61C916F92004F43F5;
			remoteInfo = Ripple;
		};
/* End PBXContainerItemProxy section */

/* Begin PBXFileReference section */
		6F052C861C995BCE00AF8312 /* ic_ripple_trigger_no_shadow.png */ = {isa = PBXFileReference; lastKnownFileType = image.png; path = ic_ripple_trigger_no_shadow.png; sourceTree = "<group>"; };
		6F052C8B1C99659B00AF8312 /* CountdownViewController.h */ = {isa = PBXFileReference; fileEncoding = 4; lastKnownFileType = sourcecode.c.h; name = CountdownViewController.h; path = ../CountdownViewController.h; sourceTree = "<group>"; };
		6F052C8C1C99659B00AF8312 /* CountdownViewController.m */ = {isa = PBXFileReference; fileEncoding = 4; lastKnownFileType = sourcecode.c.objc; name = CountdownViewController.m; path = ../CountdownViewController.m; sourceTree = "<group>"; };
		6F052C8E1C9AAE1800AF8312 /* DNLLUrlFormatter.h */ = {isa = PBXFileReference; fileEncoding = 4; lastKnownFileType = sourcecode.c.h; path = DNLLUrlFormatter.h; sourceTree = "<group>"; };
		6F052C8F1C9AAE1800AF8312 /* DNLLUrlFormatter.m */ = {isa = PBXFileReference; fileEncoding = 4; lastKnownFileType = sourcecode.c.objc; path = DNLLUrlFormatter.m; sourceTree = "<group>"; };
		6F052C921C9AB1DD00AF8312 /* UrlFormatter.m */ = {isa = PBXFileReference; fileEncoding = 4; lastKnownFileType = sourcecode.c.objc; path = UrlFormatter.m; sourceTree = "<group>"; };
		6F052C941C9AB2F700AF8312 /* DNLLRegisterUrl.h */ = {isa = PBXFileReference; fileEncoding = 4; lastKnownFileType = sourcecode.c.h; path = DNLLRegisterUrl.h; sourceTree = "<group>"; };
		6F052C951C9AB2F700AF8312 /* DNLLRegisterUrl.m */ = {isa = PBXFileReference; fileEncoding = 4; lastKnownFileType = sourcecode.c.objc; path = DNLLRegisterUrl.m; sourceTree = "<group>"; };
		6F052C971C9AB3C800AF8312 /* DNLLFormatterFactory.h */ = {isa = PBXFileReference; fileEncoding = 4; lastKnownFileType = sourcecode.c.h; path = DNLLFormatterFactory.h; sourceTree = "<group>"; };
		6F052C981C9AB3C800AF8312 /* DNLLFormatterFactory.m */ = {isa = PBXFileReference; fileEncoding = 4; lastKnownFileType = sourcecode.c.objc; path = DNLLFormatterFactory.m; sourceTree = "<group>"; };
		6F052C9A1C9AB7D000AF8312 /* RegisterUrlTest.m */ = {isa = PBXFileReference; fileEncoding = 4; lastKnownFileType = sourcecode.c.objc; name = RegisterUrlTest.m; path = ../Ripple/RegisterUrlTest.m; sourceTree = "<group>"; };
		6F052C9C1C9ABB6A00AF8312 /* NSString+NSStringUrlEncode.h */ = {isa = PBXFileReference; fileEncoding = 4; lastKnownFileType = sourcecode.c.h; path = "NSString+NSStringUrlEncode.h"; sourceTree = "<group>"; };
		6F052C9D1C9ABB6A00AF8312 /* NSString+NSStringUrlEncode.m */ = {isa = PBXFileReference; fileEncoding = 4; lastKnownFileType = sourcecode.c.objc; path = "NSString+NSStringUrlEncode.m"; sourceTree = "<group>"; };
		6F052C9F1C9ABE8A00AF8312 /* DNLLCompleteUrl.h */ = {isa = PBXFileReference; fileEncoding = 4; lastKnownFileType = sourcecode.c.h; path = DNLLCompleteUrl.h; sourceTree = "<group>"; };
		6F052CA01C9ABE8A00AF8312 /* DNLLCompleteUrl.m */ = {isa = PBXFileReference; fileEncoding = 4; lastKnownFileType = sourcecode.c.objc; path = DNLLCompleteUrl.m; sourceTree = "<group>"; };
		6F1278651CA1529A000921E7 /* TwitterResponderViewController.h */ = {isa = PBXFileReference; fileEncoding = 4; lastKnownFileType = sourcecode.c.h; path = TwitterResponderViewController.h; sourceTree = "<group>"; };
		6F1278661CA1529B000921E7 /* TwitterResponderViewController.m */ = {isa = PBXFileReference; fileEncoding = 4; lastKnownFileType = sourcecode.c.objc; path = TwitterResponderViewController.m; sourceTree = "<group>"; };
		6F1278671CA1529B000921E7 /* TwitterResponderViewController.xib */ = {isa = PBXFileReference; fileEncoding = 4; lastKnownFileType = file.xib; path = TwitterResponderViewController.xib; sourceTree = "<group>"; };
		6F12786B1CA15632000921E7 /* BaseResponderViewController.h */ = {isa = PBXFileReference; fileEncoding = 4; lastKnownFileType = sourcecode.c.h; path = BaseResponderViewController.h; sourceTree = "<group>"; };
		6F12786C1CA15632000921E7 /* BaseResponderViewController.m */ = {isa = PBXFileReference; fileEncoding = 4; lastKnownFileType = sourcecode.c.objc; path = BaseResponderViewController.m; sourceTree = "<group>"; };
		6F48ABA51CA002D700189F2E /* Fabric.framework */ = {isa = PBXFileReference; lastKnownFileType = wrapper.framework; path = Fabric.framework; sourceTree = "<group>"; };
		6F48ABA61CA002D700189F2E /* Crashlytics.framework */ = {isa = PBXFileReference; lastKnownFileType = wrapper.framework; path = Crashlytics.framework; sourceTree = "<group>"; };
		6F48ABA91CA008E600189F2E /* TwitterKit.framework */ = {isa = PBXFileReference; lastKnownFileType = wrapper.framework; path = TwitterKit.framework; sourceTree = "<group>"; };
		6F48ABAA1CA008E700189F2E /* TwitterKitResources.bundle */ = {isa = PBXFileReference; lastKnownFileType = "wrapper.plug-in"; path = TwitterKitResources.bundle; sourceTree = "<group>"; };
		6F48ABAB1CA008E700189F2E /* TwitterCore.framework */ = {isa = PBXFileReference; lastKnownFileType = wrapper.framework; path = TwitterCore.framework; sourceTree = "<group>"; };
		6F48ABAF1CA00AFD00189F2E /* secrets.plist */ = {isa = PBXFileReference; fileEncoding = 4; lastKnownFileType = text.plist.xml; path = secrets.plist; sourceTree = "<group>"; };
		6F48ABB21CA0406D00189F2E /* ExtraResponderTableViewCell.h */ = {isa = PBXFileReference; fileEncoding = 4; lastKnownFileType = sourcecode.c.h; path = ExtraResponderTableViewCell.h; sourceTree = "<group>"; };
		6F48ABB31CA0406D00189F2E /* ExtraResponderTableViewCell.m */ = {isa = PBXFileReference; fileEncoding = 4; lastKnownFileType = sourcecode.c.objc; path = ExtraResponderTableViewCell.m; sourceTree = "<group>"; };
		6F48ABB41CA0406D00189F2E /* ExtraResponderTableViewCell.xib */ = {isa = PBXFileReference; fileEncoding = 4; lastKnownFileType = file.xib; path = ExtraResponderTableViewCell.xib; sourceTree = "<group>"; };
		6F48ABB71CA0461000189F2E /* InternalResponders.h */ = {isa = PBXFileReference; fileEncoding = 4; lastKnownFileType = sourcecode.c.h; path = InternalResponders.h; sourceTree = "<group>"; };
		6F48ABB81CA0461000189F2E /* InternalResponders.m */ = {isa = PBXFileReference; fileEncoding = 4; lastKnownFileType = sourcecode.c.objc; path = InternalResponders.m; sourceTree = "<group>"; };
		6F48ABBB1CA0462400189F2E /* Responder.h */ = {isa = PBXFileReference; fileEncoding = 4; lastKnownFileType = sourcecode.c.h; path = Responder.h; sourceTree = "<group>"; };
		6F48ABBC1CA0462400189F2E /* Responder.m */ = {isa = PBXFileReference; fileEncoding = 4; lastKnownFileType = sourcecode.c.objc; path = Responder.m; sourceTree = "<group>"; };
		6F48ABBE1CA046B800189F2E /* ResponderFactory.h */ = {isa = PBXFileReference; fileEncoding = 4; lastKnownFileType = sourcecode.c.h; path = ResponderFactory.h; sourceTree = "<group>"; };
		6F48ABBF1CA046B800189F2E /* ResponderFactory.m */ = {isa = PBXFileReference; fileEncoding = 4; lastKnownFileType = sourcecode.c.objc; path = ResponderFactory.m; sourceTree = "<group>"; };
		6F48ABC11CA047F300189F2E /* RespondersListTest.m */ = {isa = PBXFileReference; fileEncoding = 4; lastKnownFileType = sourcecode.c.objc; path = RespondersListTest.m; sourceTree = "<group>"; };
		6F48ABC31CA0497100189F2E /* ResponderTest.m */ = {isa = PBXFileReference; fileEncoding = 4; lastKnownFileType = sourcecode.c.objc; path = ResponderTest.m; sourceTree = "<group>"; };
		6F48ABC51CA056E500189F2E /* responders.plist */ = {isa = PBXFileReference; fileEncoding = 4; lastKnownFileType = text.plist.xml; path = responders.plist; sourceTree = "<group>"; };
		6F7F70911C980E3C0010CA9B /* Trigger.h */ = {isa = PBXFileReference; fileEncoding = 4; lastKnownFileType = sourcecode.c.h; path = Trigger.h; sourceTree = "<group>"; };
		6F7F70921C980E3C0010CA9B /* Trigger.m */ = {isa = PBXFileReference; fileEncoding = 4; lastKnownFileType = sourcecode.c.objc; path = Trigger.m; sourceTree = "<group>"; };
		6F9F14971C9EF44D005C13FB /* ExtraRespondersTableViewController.h */ = {isa = PBXFileReference; fileEncoding = 4; lastKnownFileType = sourcecode.c.h; name = ExtraRespondersTableViewController.h; path = ../ExtraRespondersTableViewController.h; sourceTree = "<group>"; };
		6F9F14981C9EF44D005C13FB /* ExtraRespondersTableViewController.m */ = {isa = PBXFileReference; fileEncoding = 4; lastKnownFileType = sourcecode.c.objc; name = ExtraRespondersTableViewController.m; path = ../ExtraRespondersTableViewController.m; sourceTree = "<group>"; };
		6FACA8A71C916F92004F43F5 /* Ripple.app */ = {isa = PBXFileReference; explicitFileType = wrapper.application; includeInIndex = 0; path = Ripple.app; sourceTree = BUILT_PRODUCTS_DIR; };
		6FACA8AB1C916F92004F43F5 /* main.m */ = {isa = PBXFileReference; lastKnownFileType = sourcecode.c.objc; path = main.m; sourceTree = "<group>"; };
		6FACA8AD1C916F92004F43F5 /* AppDelegate.h */ = {isa = PBXFileReference; lastKnownFileType = sourcecode.c.h; path = AppDelegate.h; sourceTree = "<group>"; };
		6FACA8AE1C916F92004F43F5 /* AppDelegate.m */ = {isa = PBXFileReference; lastKnownFileType = sourcecode.c.objc; path = AppDelegate.m; sourceTree = "<group>"; };
		6FACA8B01C916F92004F43F5 /* ViewController.h */ = {isa = PBXFileReference; lastKnownFileType = sourcecode.c.h; path = ViewController.h; sourceTree = "<group>"; };
		6FACA8B11C916F92004F43F5 /* ViewController.m */ = {isa = PBXFileReference; lastKnownFileType = sourcecode.c.objc; path = ViewController.m; sourceTree = "<group>"; };
		6FACA8B41C916F92004F43F5 /* Base */ = {isa = PBXFileReference; lastKnownFileType = file.storyboard; name = Base; path = Base.lproj/Main.storyboard; sourceTree = "<group>"; };
		6FACA8B61C916F92004F43F5 /* Assets.xcassets */ = {isa = PBXFileReference; lastKnownFileType = folder.assetcatalog; path = Assets.xcassets; sourceTree = "<group>"; };
		6FACA8B91C916F92004F43F5 /* Base */ = {isa = PBXFileReference; lastKnownFileType = file.storyboard; name = Base; path = Base.lproj/LaunchScreen.storyboard; sourceTree = "<group>"; };
		6FACA8BB1C916F92004F43F5 /* Info.plist */ = {isa = PBXFileReference; lastKnownFileType = text.plist.xml; path = Info.plist; sourceTree = "<group>"; };
		6FACA8C01C916F92004F43F5 /* RippleTests.xctest */ = {isa = PBXFileReference; explicitFileType = wrapper.cfbundle; includeInIndex = 0; path = RippleTests.xctest; sourceTree = BUILT_PRODUCTS_DIR; };
		6FACA8C41C916F92004F43F5 /* RippleTests.m */ = {isa = PBXFileReference; lastKnownFileType = sourcecode.c.objc; path = RippleTests.m; sourceTree = "<group>"; };
		6FACA8C61C916F92004F43F5 /* Info.plist */ = {isa = PBXFileReference; lastKnownFileType = text.plist.xml; path = Info.plist; sourceTree = "<group>"; };
		6FACA8D11C917797004F43F5 /* RegisteredApplication.h */ = {isa = PBXFileReference; fileEncoding = 4; lastKnownFileType = sourcecode.c.h; path = RegisteredApplication.h; sourceTree = "<group>"; };
		6FACA8D21C917797004F43F5 /* RegisteredApplication.m */ = {isa = PBXFileReference; fileEncoding = 4; lastKnownFileType = sourcecode.c.objc; path = RegisteredApplication.m; sourceTree = "<group>"; };
		6FACA8D41C9178B8004F43F5 /* RegisteredApplicationList.h */ = {isa = PBXFileReference; fileEncoding = 4; lastKnownFileType = sourcecode.c.h; path = RegisteredApplicationList.h; sourceTree = "<group>"; };
		6FACA8D51C9178B8004F43F5 /* RegisteredApplicationList.m */ = {isa = PBXFileReference; fileEncoding = 4; lastKnownFileType = sourcecode.c.objc; path = RegisteredApplicationList.m; sourceTree = "<group>"; };
		6FACA8D71C9179E0004F43F5 /* RegisteredApplicationTest.m */ = {isa = PBXFileReference; fileEncoding = 4; lastKnownFileType = sourcecode.c.objc; path = RegisteredApplicationTest.m; sourceTree = "<group>"; };
		6FACA8D91C917ADD004F43F5 /* RegisteredApplicationListTest.m */ = {isa = PBXFileReference; fileEncoding = 4; lastKnownFileType = sourcecode.c.objc; path = RegisteredApplicationListTest.m; sourceTree = "<group>"; };
		6FACA8DC1C917BC8004F43F5 /* RegisteredApplicationCD.h */ = {isa = PBXFileReference; fileEncoding = 4; lastKnownFileType = sourcecode.c.h; path = RegisteredApplicationCD.h; sourceTree = "<group>"; };
		6FACA8DD1C917BC8004F43F5 /* RegisteredApplicationCD.m */ = {isa = PBXFileReference; fileEncoding = 4; lastKnownFileType = sourcecode.c.objc; path = RegisteredApplicationCD.m; sourceTree = "<group>"; };
		6FACA8E01C917BDD004F43F5 /* Ripple.xcdatamodel */ = {isa = PBXFileReference; lastKnownFileType = wrapper.xcdatamodel; path = Ripple.xcdatamodel; sourceTree = "<group>"; };
		6FACA8E21C917DAC004F43F5 /* CoreDataHandler.h */ = {isa = PBXFileReference; fileEncoding = 4; lastKnownFileType = sourcecode.c.h; path = CoreDataHandler.h; sourceTree = "<group>"; };
		6FACA8E31C917DAC004F43F5 /* CoreDataHandler.m */ = {isa = PBXFileReference; fileEncoding = 4; lastKnownFileType = sourcecode.c.objc; path = CoreDataHandler.m; sourceTree = "<group>"; };
		6FACA8EB1C9182BA004F43F5 /* RegisteredApplicationCDTest.m */ = {isa = PBXFileReference; fileEncoding = 4; lastKnownFileType = sourcecode.c.objc; path = RegisteredApplicationCDTest.m; sourceTree = "<group>"; };
		6FACA8EF1C9187BE004F43F5 /* RegisteredApplicationEntity+CoreDataProperties.h */ = {isa = PBXFileReference; fileEncoding = 4; lastKnownFileType = sourcecode.c.h; path = "RegisteredApplicationEntity+CoreDataProperties.h"; sourceTree = "<group>"; };
		6FACA8F01C9187BE004F43F5 /* RegisteredApplicationEntity+CoreDataProperties.m */ = {isa = PBXFileReference; fileEncoding = 4; lastKnownFileType = sourcecode.c.objc; path = "RegisteredApplicationEntity+CoreDataProperties.m"; sourceTree = "<group>"; };
		6FACA8F11C9187BE004F43F5 /* RegisteredApplicationEntity.h */ = {isa = PBXFileReference; fileEncoding = 4; lastKnownFileType = sourcecode.c.h; path = RegisteredApplicationEntity.h; sourceTree = "<group>"; };
		6FACA8F21C9187BE004F43F5 /* RegisteredApplicationEntity.m */ = {isa = PBXFileReference; fileEncoding = 4; lastKnownFileType = sourcecode.c.objc; path = RegisteredApplicationEntity.m; sourceTree = "<group>"; };
		6FACA8F51C9189F0004F43F5 /* RegisteredApplicationListCD.h */ = {isa = PBXFileReference; fileEncoding = 4; lastKnownFileType = sourcecode.c.h; path = RegisteredApplicationListCD.h; sourceTree = "<group>"; };
		6FACA8F61C9189F0004F43F5 /* RegisteredApplicationListCD.m */ = {isa = PBXFileReference; fileEncoding = 4; lastKnownFileType = sourcecode.c.objc; path = RegisteredApplicationListCD.m; sourceTree = "<group>"; };
		6FACA8F81C91934E004F43F5 /* RegisteredApplicationFactory.h */ = {isa = PBXFileReference; fileEncoding = 4; lastKnownFileType = sourcecode.c.h; path = RegisteredApplicationFactory.h; sourceTree = "<group>"; };
		6FACA8F91C91934E004F43F5 /* RegisteredApplicationFactory.m */ = {isa = PBXFileReference; fileEncoding = 4; lastKnownFileType = sourcecode.c.objc; path = RegisteredApplicationFactory.m; sourceTree = "<group>"; };
		6FACA8FB1C91960C004F43F5 /* RegisteredApplicationListCDTest.m */ = {isa = PBXFileReference; fileEncoding = 4; lastKnownFileType = sourcecode.c.objc; path = RegisteredApplicationListCDTest.m; sourceTree = "<group>"; };
		6FACA8FD1C91B911004F43F5 /* RegisteredApplicationFactoryTest.m */ = {isa = PBXFileReference; fileEncoding = 4; lastKnownFileType = sourcecode.c.objc; name = RegisteredApplicationFactoryTest.m; path = ../Ripple/RegisteredApplicationFactoryTest.m; sourceTree = "<group>"; };
		6FACA8FF1C91BBB7004F43F5 /* AppDelegateTest.m */ = {isa = PBXFileReference; fileEncoding = 4; lastKnownFileType = sourcecode.c.objc; path = AppDelegateTest.m; sourceTree = "<group>"; };
		6FACA9011C91C31E004F43F5 /* URLSchemeHandler.h */ = {isa = PBXFileReference; fileEncoding = 4; lastKnownFileType = sourcecode.c.h; path = URLSchemeHandler.h; sourceTree = "<group>"; };
		6FACA9021C91C31E004F43F5 /* URLSchemeHandler.m */ = {isa = PBXFileReference; fileEncoding = 4; lastKnownFileType = sourcecode.c.objc; path = URLSchemeHandler.m; sourceTree = "<group>"; };
		6FACA9041C91CD9C004F43F5 /* UrlSchemeHandlertest.m */ = {isa = PBXFileReference; fileEncoding = 4; lastKnownFileType = sourcecode.c.objc; path = UrlSchemeHandlertest.m; sourceTree = "<group>"; };
		6FB1CF661C974079009652CF /* RegisteredAppTableViewController.h */ = {isa = PBXFileReference; fileEncoding = 4; lastKnownFileType = sourcecode.c.h; path = RegisteredAppTableViewController.h; sourceTree = "<group>"; };
		6FB1CF671C974079009652CF /* RegisteredAppTableViewController.m */ = {isa = PBXFileReference; fileEncoding = 4; lastKnownFileType = sourcecode.c.objc; path = RegisteredAppTableViewController.m; sourceTree = "<group>"; };
		6FCC1F311C9ADBA90014A43B /* DNLLCompletionUrlTest.m */ = {isa = PBXFileReference; fileEncoding = 4; lastKnownFileType = sourcecode.c.objc; path = DNLLCompletionUrlTest.m; sourceTree = "<group>"; };
		6FCC1F331C9ADC440014A43B /* FormatterFactoryTest.m */ = {isa = PBXFileReference; fileEncoding = 4; lastKnownFileType = sourcecode.c.objc; path = FormatterFactoryTest.m; sourceTree = "<group>"; };
		6FCC1F351C9AE2090014A43B /* DNLLTriggerUrl.h */ = {isa = PBXFileReference; fileEncoding = 4; lastKnownFileType = sourcecode.c.h; path = DNLLTriggerUrl.h; sourceTree = "<group>"; };
		6FCC1F361C9AE2090014A43B /* DNLLTriggerUrl.m */ = {isa = PBXFileReference; fileEncoding = 4; lastKnownFileType = sourcecode.c.objc; path = DNLLTriggerUrl.m; sourceTree = "<group>"; };
		6FCC1F381C9AE3EE0014A43B /* TestTriggerUrl.m */ = {isa = PBXFileReference; fileEncoding = 4; lastKnownFileType = sourcecode.c.objc; path = TestTriggerUrl.m; sourceTree = "<group>"; };
/* End PBXFileReference section */

/* Begin PBXFrameworksBuildPhase section */
		6FACA8A41C916F92004F43F5 /* Frameworks */ = {
			isa = PBXFrameworksBuildPhase;
			buildActionMask = 2147483647;
			files = (
				6F48ABA81CA002D700189F2E /* Crashlytics.framework in Frameworks */,
				6F48ABAE1CA008E700189F2E /* TwitterCore.framework in Frameworks */,
				6F48ABA71CA002D700189F2E /* Fabric.framework in Frameworks */,
				6F48ABAC1CA008E700189F2E /* TwitterKit.framework in Frameworks */,
			);
			runOnlyForDeploymentPostprocessing = 0;
		};
		6FACA8BD1C916F92004F43F5 /* Frameworks */ = {
			isa = PBXFrameworksBuildPhase;
			buildActionMask = 2147483647;
			files = (
			);
			runOnlyForDeploymentPostprocessing = 0;
		};
/* End PBXFrameworksBuildPhase section */

/* Begin PBXGroup section */
		6F052C881C99651C00AF8312 /* ViewControllers */ = {
			isa = PBXGroup;
			children = (
				6F12786A1CA152A0000921E7 /* RespondersVC */,
				6F48ABB11CA0402A00189F2E /* Cells */,
				6F9F14971C9EF44D005C13FB /* ExtraRespondersTableViewController.h */,
				6F9F14981C9EF44D005C13FB /* ExtraRespondersTableViewController.m */,
				6F052C8B1C99659B00AF8312 /* CountdownViewController.h */,
				6F052C8C1C99659B00AF8312 /* CountdownViewController.m */,
				6FACA8B01C916F92004F43F5 /* ViewController.h */,
				6FACA8B11C916F92004F43F5 /* ViewController.m */,
				6FB1CF661C974079009652CF /* RegisteredAppTableViewController.h */,
				6FB1CF671C974079009652CF /* RegisteredAppTableViewController.m */,
			);
			name = ViewControllers;
			sourceTree = "<group>";
		};
		6F052C911C9AAE1D00AF8312 /* Formatter */ = {
			isa = PBXGroup;
			children = (
				6F052C8E1C9AAE1800AF8312 /* DNLLUrlFormatter.h */,
				6F052C8F1C9AAE1800AF8312 /* DNLLUrlFormatter.m */,
				6F052C941C9AB2F700AF8312 /* DNLLRegisterUrl.h */,
				6F052C951C9AB2F700AF8312 /* DNLLRegisterUrl.m */,
				6F052C971C9AB3C800AF8312 /* DNLLFormatterFactory.h */,
				6F052C981C9AB3C800AF8312 /* DNLLFormatterFactory.m */,
				6F052C9C1C9ABB6A00AF8312 /* NSString+NSStringUrlEncode.h */,
				6F052C9D1C9ABB6A00AF8312 /* NSString+NSStringUrlEncode.m */,
				6F052C9F1C9ABE8A00AF8312 /* DNLLCompleteUrl.h */,
				6F052CA01C9ABE8A00AF8312 /* DNLLCompleteUrl.m */,
				6FCC1F351C9AE2090014A43B /* DNLLTriggerUrl.h */,
				6FCC1F361C9AE2090014A43B /* DNLLTriggerUrl.m */,
			);
			name = Formatter;
			sourceTree = "<group>";
		};
		6F12786A1CA152A0000921E7 /* RespondersVC */ = {
			isa = PBXGroup;
			children = (
				6F1278651CA1529A000921E7 /* TwitterResponderViewController.h */,
				6F1278661CA1529B000921E7 /* TwitterResponderViewController.m */,
				6F1278671CA1529B000921E7 /* TwitterResponderViewController.xib */,
				6F12786B1CA15632000921E7 /* BaseResponderViewController.h */,
				6F12786C1CA15632000921E7 /* BaseResponderViewController.m */,
			);
			name = RespondersVC;
			sourceTree = "<group>";
		};
		6F48ABB11CA0402A00189F2E /* Cells */ = {
			isa = PBXGroup;
			children = (
				6F48ABB21CA0406D00189F2E /* ExtraResponderTableViewCell.h */,
				6F48ABB31CA0406D00189F2E /* ExtraResponderTableViewCell.m */,
				6F48ABB41CA0406D00189F2E /* ExtraResponderTableViewCell.xib */,
			);
			name = Cells;
			sourceTree = "<group>";
		};
		6F48ABBA1CA0461600189F2E /* Responders */ = {
			isa = PBXGroup;
			children = (
				6F48ABB71CA0461000189F2E /* InternalResponders.h */,
				6F48ABB81CA0461000189F2E /* InternalResponders.m */,
				6F48ABBB1CA0462400189F2E /* Responder.h */,
				6F48ABBC1CA0462400189F2E /* Responder.m */,
				6F48ABBE1CA046B800189F2E /* ResponderFactory.h */,
				6F48ABBF1CA046B800189F2E /* ResponderFactory.m */,
			);
			name = Responders;
			sourceTree = "<group>";
		};
		6FACA89E1C916F92004F43F5 = {
			isa = PBXGroup;
			children = (
				6FACA8A91C916F92004F43F5 /* Ripple */,
				6FACA8C31C916F92004F43F5 /* RippleTests */,
				6FACA8A81C916F92004F43F5 /* Products */,
			);
			sourceTree = "<group>";
		};
		6FACA8A81C916F92004F43F5 /* Products */ = {
			isa = PBXGroup;
			children = (
				6FACA8A71C916F92004F43F5 /* Ripple.app */,
				6FACA8C01C916F92004F43F5 /* RippleTests.xctest */,
			);
			name = Products;
			sourceTree = "<group>";
		};
		6FACA8A91C916F92004F43F5 /* Ripple */ = {
			isa = PBXGroup;
			children = (
				6F48ABA91CA008E600189F2E /* TwitterKit.framework */,
				6F48ABAA1CA008E700189F2E /* TwitterKitResources.bundle */,
				6F48ABAB1CA008E700189F2E /* TwitterCore.framework */,
				6F48ABA51CA002D700189F2E /* Fabric.framework */,
				6F48ABA61CA002D700189F2E /* Crashlytics.framework */,
				6F052C881C99651C00AF8312 /* ViewControllers */,
				6FACA8DB1C917B4C004F43F5 /* CoreDataImpl */,
				6FACA8CF1C91748B004F43F5 /* RegisteredApp */,
				6FACA8AD1C916F92004F43F5 /* AppDelegate.h */,
				6FACA8AE1C916F92004F43F5 /* AppDelegate.m */,
				6FACA8B31C916F92004F43F5 /* Main.storyboard */,
				6F7F70911C980E3C0010CA9B /* Trigger.h */,
				6F7F70921C980E3C0010CA9B /* Trigger.m */,
				6FACA8B61C916F92004F43F5 /* Assets.xcassets */,
				6FACA8B81C916F92004F43F5 /* LaunchScreen.storyboard */,
				6FACA8BB1C916F92004F43F5 /* Info.plist */,
				6FACA8AA1C916F92004F43F5 /* Supporting Files */,
				6FACA9011C91C31E004F43F5 /* URLSchemeHandler.h */,
				6FACA9021C91C31E004F43F5 /* URLSchemeHandler.m */,
				6F052C911C9AAE1D00AF8312 /* Formatter */,
				6F48ABBA1CA0461600189F2E /* Responders */,
			);
			path = Ripple;
			sourceTree = "<group>";
		};
		6FACA8AA1C916F92004F43F5 /* Supporting Files */ = {
			isa = PBXGroup;
			children = (
				6F052C861C995BCE00AF8312 /* ic_ripple_trigger_no_shadow.png */,
				6FACA8AB1C916F92004F43F5 /* main.m */,
				6F48ABAF1CA00AFD00189F2E /* secrets.plist */,
				6F48ABC51CA056E500189F2E /* responders.plist */,
			);
			name = "Supporting Files";
			sourceTree = "<group>";
		};
		6FACA8C31C916F92004F43F5 /* RippleTests */ = {
			isa = PBXGroup;
			children = (
				6F052C9A1C9AB7D000AF8312 /* RegisterUrlTest.m */,
				6FACA8FD1C91B911004F43F5 /* RegisteredApplicationFactoryTest.m */,
				6FACA8C41C916F92004F43F5 /* RippleTests.m */,
				6FACA8C61C916F92004F43F5 /* Info.plist */,
				6FACA8D71C9179E0004F43F5 /* RegisteredApplicationTest.m */,
				6FACA8D91C917ADD004F43F5 /* RegisteredApplicationListTest.m */,
				6FACA8FB1C91960C004F43F5 /* RegisteredApplicationListCDTest.m */,
				6FACA8EB1C9182BA004F43F5 /* RegisteredApplicationCDTest.m */,
				6FACA8FF1C91BBB7004F43F5 /* AppDelegateTest.m */,
				6FACA9041C91CD9C004F43F5 /* UrlSchemeHandlertest.m */,
				6F052C921C9AB1DD00AF8312 /* UrlFormatter.m */,
				6FCC1F311C9ADBA90014A43B /* DNLLCompletionUrlTest.m */,
				6FCC1F331C9ADC440014A43B /* FormatterFactoryTest.m */,
				6FCC1F381C9AE3EE0014A43B /* TestTriggerUrl.m */,
				6F48ABC11CA047F300189F2E /* RespondersListTest.m */,
				6F48ABC31CA0497100189F2E /* ResponderTest.m */,
			);
			path = RippleTests;
			sourceTree = "<group>";
		};
		6FACA8CF1C91748B004F43F5 /* RegisteredApp */ = {
			isa = PBXGroup;
			children = (
				6FACA8D11C917797004F43F5 /* RegisteredApplication.h */,
				6FACA8D21C917797004F43F5 /* RegisteredApplication.m */,
				6FACA8D41C9178B8004F43F5 /* RegisteredApplicationList.h */,
				6FACA8D51C9178B8004F43F5 /* RegisteredApplicationList.m */,
				6FACA8F81C91934E004F43F5 /* RegisteredApplicationFactory.h */,
				6FACA8F91C91934E004F43F5 /* RegisteredApplicationFactory.m */,
			);
			name = RegisteredApp;
			sourceTree = "<group>";
		};
		6FACA8DB1C917B4C004F43F5 /* CoreDataImpl */ = {
			isa = PBXGroup;
			children = (
				6FACA8DC1C917BC8004F43F5 /* RegisteredApplicationCD.h */,
				6FACA8DD1C917BC8004F43F5 /* RegisteredApplicationCD.m */,
				6FACA8DF1C917BDD004F43F5 /* Ripple.xcdatamodeld */,
				6FACA8EF1C9187BE004F43F5 /* RegisteredApplicationEntity+CoreDataProperties.h */,
				6FACA8F01C9187BE004F43F5 /* RegisteredApplicationEntity+CoreDataProperties.m */,
				6FACA8F11C9187BE004F43F5 /* RegisteredApplicationEntity.h */,
				6FACA8F21C9187BE004F43F5 /* RegisteredApplicationEntity.m */,
				6FACA8E21C917DAC004F43F5 /* CoreDataHandler.h */,
				6FACA8E31C917DAC004F43F5 /* CoreDataHandler.m */,
				6FACA8F51C9189F0004F43F5 /* RegisteredApplicationListCD.h */,
				6FACA8F61C9189F0004F43F5 /* RegisteredApplicationListCD.m */,
			);
			name = CoreDataImpl;
			sourceTree = "<group>";
		};
/* End PBXGroup section */

/* Begin PBXNativeTarget section */
		6FACA8A61C916F92004F43F5 /* Ripple */ = {
			isa = PBXNativeTarget;
			buildConfigurationList = 6FACA8C91C916F92004F43F5 /* Build configuration list for PBXNativeTarget "Ripple" */;
			buildPhases = (
				6FACA8A31C916F92004F43F5 /* Sources */,
				6FACA8A41C916F92004F43F5 /* Frameworks */,
				6FACA8A51C916F92004F43F5 /* Resources */,
				6F9F149F1C9FFF79005C13FB /* ShellScript */,
			);
			buildRules = (
			);
			dependencies = (
			);
			name = Ripple;
			productName = Ripple;
			productReference = 6FACA8A71C916F92004F43F5 /* Ripple.app */;
			productType = "com.apple.product-type.application";
		};
		6FACA8BF1C916F92004F43F5 /* RippleTests */ = {
			isa = PBXNativeTarget;
			buildConfigurationList = 6FACA8CC1C916F92004F43F5 /* Build configuration list for PBXNativeTarget "RippleTests" */;
			buildPhases = (
				6FACA8BC1C916F92004F43F5 /* Sources */,
				6FACA8BD1C916F92004F43F5 /* Frameworks */,
				6FACA8BE1C916F92004F43F5 /* Resources */,
			);
			buildRules = (
			);
			dependencies = (
				6FACA8C21C916F92004F43F5 /* PBXTargetDependency */,
			);
			name = RippleTests;
			productName = RippleTests;
			productReference = 6FACA8C01C916F92004F43F5 /* RippleTests.xctest */;
			productType = "com.apple.product-type.bundle.unit-test";
		};
/* End PBXNativeTarget section */

/* Begin PBXProject section */
		6FACA89F1C916F92004F43F5 /* Project object */ = {
			isa = PBXProject;
			attributes = {
				LastUpgradeCheck = 0720;
				ORGANIZATIONNAME = "Daniel Llewellyn";
				TargetAttributes = {
					6FACA8A61C916F92004F43F5 = {
						CreatedOnToolsVersion = 7.2.1;
					};
					6FACA8BF1C916F92004F43F5 = {
						CreatedOnToolsVersion = 7.2.1;
						TestTargetID = 6FACA8A61C916F92004F43F5;
					};
				};
			};
			buildConfigurationList = 6FACA8A21C916F92004F43F5 /* Build configuration list for PBXProject "Ripple" */;
			compatibilityVersion = "Xcode 3.2";
			developmentRegion = English;
			hasScannedForEncodings = 0;
			knownRegions = (
				en,
				Base,
			);
			mainGroup = 6FACA89E1C916F92004F43F5;
			productRefGroup = 6FACA8A81C916F92004F43F5 /* Products */;
			projectDirPath = "";
			projectRoot = "";
			targets = (
				6FACA8A61C916F92004F43F5 /* Ripple */,
				6FACA8BF1C916F92004F43F5 /* RippleTests */,
			);
		};
/* End PBXProject section */

/* Begin PBXResourcesBuildPhase section */
		6FACA8A51C916F92004F43F5 /* Resources */ = {
			isa = PBXResourcesBuildPhase;
			buildActionMask = 2147483647;
			files = (
				6F1278691CA1529B000921E7 /* TwitterResponderViewController.xib in Resources */,
				6FACA8BA1C916F92004F43F5 /* LaunchScreen.storyboard in Resources */,
				6F052C871C995BCE00AF8312 /* ic_ripple_trigger_no_shadow.png in Resources */,
				6F48ABB01CA00AFD00189F2E /* secrets.plist in Resources */,
				6FACA8B71C916F92004F43F5 /* Assets.xcassets in Resources */,
				6FACA8B51C916F92004F43F5 /* Main.storyboard in Resources */,
				6F48ABAD1CA008E700189F2E /* TwitterKitResources.bundle in Resources */,
				6F48ABB61CA0406D00189F2E /* ExtraResponderTableViewCell.xib in Resources */,
				6F48ABC61CA056E500189F2E /* responders.plist in Resources */,
			);
			runOnlyForDeploymentPostprocessing = 0;
		};
		6FACA8BE1C916F92004F43F5 /* Resources */ = {
			isa = PBXResourcesBuildPhase;
			buildActionMask = 2147483647;
			files = (
			);
			runOnlyForDeploymentPostprocessing = 0;
		};
/* End PBXResourcesBuildPhase section */

/* Begin PBXShellScriptBuildPhase section */
		6F9F149F1C9FFF79005C13FB /* ShellScript */ = {
			isa = PBXShellScriptBuildPhase;
			buildActionMask = 2147483647;
			files = (
			);
			inputPaths = (
			);
			outputPaths = (
			);
			runOnlyForDeploymentPostprocessing = 0;
			shellPath = /bin/sh;
			shellScript = "./Fabric.framework/run 8f4824790b39aec1dfededfce1ae24725f1dfd5e ecd5c90185aaf11c6bb0ca30cf122555cf3a48f64610d37e3bd2245845bf0f34";
		};
/* End PBXShellScriptBuildPhase section */

/* Begin PBXSourcesBuildPhase section */
		6FACA8A31C916F92004F43F5 /* Sources */ = {
			isa = PBXSourcesBuildPhase;
			buildActionMask = 2147483647;
			files = (
				6F48ABBD1CA0462400189F2E /* Responder.m in Sources */,
				6F48ABB91CA0461000189F2E /* InternalResponders.m in Sources */,
				6F7F70931C980E3C0010CA9B /* Trigger.m in Sources */,
				6F12786D1CA15632000921E7 /* BaseResponderViewController.m in Sources */,
				6FACA9031C91C31E004F43F5 /* URLSchemeHandler.m in Sources */,
				6FACA8F31C9187BE004F43F5 /* RegisteredApplicationEntity+CoreDataProperties.m in Sources */,
				6FACA8D61C9178B8004F43F5 /* RegisteredApplicationList.m in Sources */,
				6F052C8D1C99659B00AF8312 /* CountdownViewController.m in Sources */,
				6FACA8D31C917797004F43F5 /* RegisteredApplication.m in Sources */,
				6F052C961C9AB2F700AF8312 /* DNLLRegisterUrl.m in Sources */,
				6FACA8FA1C91934E004F43F5 /* RegisteredApplicationFactory.m in Sources */,
				6F1278681CA1529B000921E7 /* TwitterResponderViewController.m in Sources */,
				6FCC1F371C9AE2090014A43B /* DNLLTriggerUrl.m in Sources */,
				6FACA8F71C9189F0004F43F5 /* RegisteredApplicationListCD.m in Sources */,
				6F052C901C9AAE1800AF8312 /* DNLLUrlFormatter.m in Sources */,
				6FACA8B21C916F92004F43F5 /* ViewController.m in Sources */,
				6FACA8AF1C916F92004F43F5 /* AppDelegate.m in Sources */,
				6FACA8AC1C916F92004F43F5 /* main.m in Sources */,
				6FACA8E41C917DAC004F43F5 /* CoreDataHandler.m in Sources */,
				6FACA8F41C9187BE004F43F5 /* RegisteredApplicationEntity.m in Sources */,
				6F9F14991C9EF44D005C13FB /* ExtraRespondersTableViewController.m in Sources */,
				6F48ABC01CA046B800189F2E /* ResponderFactory.m in Sources */,
				6F48ABB51CA0406D00189F2E /* ExtraResponderTableViewCell.m in Sources */,
				6F052C9E1C9ABB6A00AF8312 /* NSString+NSStringUrlEncode.m in Sources */,
				6F052CA11C9ABE8A00AF8312 /* DNLLCompleteUrl.m in Sources */,
				6FB1CF681C974079009652CF /* RegisteredAppTableViewController.m in Sources */,
				6FACA8DE1C917BC8004F43F5 /* RegisteredApplicationCD.m in Sources */,
				6FACA8E11C917BDD004F43F5 /* Ripple.xcdatamodeld in Sources */,
				6F052C991C9AB3C800AF8312 /* DNLLFormatterFactory.m in Sources */,
			);
			runOnlyForDeploymentPostprocessing = 0;
		};
		6FACA8BC1C916F92004F43F5 /* Sources */ = {
			isa = PBXSourcesBuildPhase;
			buildActionMask = 2147483647;
			files = (
				6FCC1F321C9ADBA90014A43B /* DNLLCompletionUrlTest.m in Sources */,
				6FCC1F391C9AE3EE0014A43B /* TestTriggerUrl.m in Sources */,
				6FCC1F341C9ADC440014A43B /* FormatterFactoryTest.m in Sources */,
				6FACA8DA1C917ADD004F43F5 /* RegisteredApplicationListTest.m in Sources */,
				6F48ABC21CA047F300189F2E /* RespondersListTest.m in Sources */,
				6FACA8EC1C9182BA004F43F5 /* RegisteredApplicationCDTest.m in Sources */,
				6FACA8D81C9179E0004F43F5 /* RegisteredApplicationTest.m in Sources */,
				6FACA9001C91BBB7004F43F5 /* AppDelegateTest.m in Sources */,
				6F052C9B1C9AB7D000AF8312 /* RegisterUrlTest.m in Sources */,
				6FACA8FE1C91B911004F43F5 /* RegisteredApplicationFactoryTest.m in Sources */,
				6FACA8C51C916F92004F43F5 /* RippleTests.m in Sources */,
				6F48ABC41CA0497100189F2E /* ResponderTest.m in Sources */,
				6F052C931C9AB1DD00AF8312 /* UrlFormatter.m in Sources */,
				6FACA8FC1C91960C004F43F5 /* RegisteredApplicationListCDTest.m in Sources */,
				6FACA9051C91CD9C004F43F5 /* UrlSchemeHandlertest.m in Sources */,
			);
			runOnlyForDeploymentPostprocessing = 0;
		};
/* End PBXSourcesBuildPhase section */

/* Begin PBXTargetDependency section */
		6FACA8C21C916F92004F43F5 /* PBXTargetDependency */ = {
			isa = PBXTargetDependency;
			target = 6FACA8A61C916F92004F43F5 /* Ripple */;
			targetProxy = 6FACA8C11C916F92004F43F5 /* PBXContainerItemProxy */;
		};
/* End PBXTargetDependency section */

/* Begin PBXVariantGroup section */
		6FACA8B31C916F92004F43F5 /* Main.storyboard */ = {
			isa = PBXVariantGroup;
			children = (
				6FACA8B41C916F92004F43F5 /* Base */,
			);
			name = Main.storyboard;
			sourceTree = "<group>";
		};
		6FACA8B81C916F92004F43F5 /* LaunchScreen.storyboard */ = {
			isa = PBXVariantGroup;
			children = (
				6FACA8B91C916F92004F43F5 /* Base */,
			);
			name = LaunchScreen.storyboard;
			sourceTree = "<group>";
		};
/* End PBXVariantGroup section */

/* Begin XCBuildConfiguration section */
		6FACA8C71C916F92004F43F5 /* Debug */ = {
			isa = XCBuildConfiguration;
			buildSettings = {
				ALWAYS_SEARCH_USER_PATHS = NO;
				CLANG_CXX_LANGUAGE_STANDARD = "gnu++0x";
				CLANG_CXX_LIBRARY = "libc++";
				CLANG_ENABLE_MODULES = YES;
				CLANG_ENABLE_OBJC_ARC = YES;
				CLANG_WARN_BOOL_CONVERSION = YES;
				CLANG_WARN_CONSTANT_CONVERSION = YES;
				CLANG_WARN_DIRECT_OBJC_ISA_USAGE = YES_ERROR;
				CLANG_WARN_EMPTY_BODY = YES;
				CLANG_WARN_ENUM_CONVERSION = YES;
				CLANG_WARN_INT_CONVERSION = YES;
				CLANG_WARN_OBJC_ROOT_CLASS = YES_ERROR;
				CLANG_WARN_UNREACHABLE_CODE = YES;
				CLANG_WARN__DUPLICATE_METHOD_MATCH = YES;
				"CODE_SIGN_IDENTITY[sdk=iphoneos*]" = "iPhone Developer";
				COPY_PHASE_STRIP = NO;
				DEBUG_INFORMATION_FORMAT = dwarf;
				ENABLE_STRICT_OBJC_MSGSEND = YES;
				ENABLE_TESTABILITY = YES;
				GCC_C_LANGUAGE_STANDARD = gnu99;
				GCC_DYNAMIC_NO_PIC = NO;
				GCC_NO_COMMON_BLOCKS = YES;
				GCC_OPTIMIZATION_LEVEL = 0;
				GCC_PREPROCESSOR_DEFINITIONS = (
					"DEBUG=1",
					"$(inherited)",
				);
				GCC_WARN_64_TO_32_BIT_CONVERSION = YES;
				GCC_WARN_ABOUT_RETURN_TYPE = YES_ERROR;
				GCC_WARN_UNDECLARED_SELECTOR = YES;
				GCC_WARN_UNINITIALIZED_AUTOS = YES_AGGRESSIVE;
				GCC_WARN_UNUSED_FUNCTION = YES;
				GCC_WARN_UNUSED_VARIABLE = YES;
				IPHONEOS_DEPLOYMENT_TARGET = 9.2;
				MTL_ENABLE_DEBUG_INFO = YES;
				ONLY_ACTIVE_ARCH = YES;
				SDKROOT = iphoneos;
			};
			name = Debug;
		};
		6FACA8C81C916F92004F43F5 /* Release */ = {
			isa = XCBuildConfiguration;
			buildSettings = {
				ALWAYS_SEARCH_USER_PATHS = NO;
				CLANG_CXX_LANGUAGE_STANDARD = "gnu++0x";
				CLANG_CXX_LIBRARY = "libc++";
				CLANG_ENABLE_MODULES = YES;
				CLANG_ENABLE_OBJC_ARC = YES;
				CLANG_WARN_BOOL_CONVERSION = YES;
				CLANG_WARN_CONSTANT_CONVERSION = YES;
				CLANG_WARN_DIRECT_OBJC_ISA_USAGE = YES_ERROR;
				CLANG_WARN_EMPTY_BODY = YES;
				CLANG_WARN_ENUM_CONVERSION = YES;
				CLANG_WARN_INT_CONVERSION = YES;
				CLANG_WARN_OBJC_ROOT_CLASS = YES_ERROR;
				CLANG_WARN_UNREACHABLE_CODE = YES;
				CLANG_WARN__DUPLICATE_METHOD_MATCH = YES;
				"CODE_SIGN_IDENTITY[sdk=iphoneos*]" = "iPhone Developer";
				COPY_PHASE_STRIP = NO;
				DEBUG_INFORMATION_FORMAT = "dwarf-with-dsym";
				ENABLE_NS_ASSERTIONS = NO;
				ENABLE_STRICT_OBJC_MSGSEND = YES;
				GCC_C_LANGUAGE_STANDARD = gnu99;
				GCC_NO_COMMON_BLOCKS = YES;
				GCC_WARN_64_TO_32_BIT_CONVERSION = YES;
				GCC_WARN_ABOUT_RETURN_TYPE = YES_ERROR;
				GCC_WARN_UNDECLARED_SELECTOR = YES;
				GCC_WARN_UNINITIALIZED_AUTOS = YES_AGGRESSIVE;
				GCC_WARN_UNUSED_FUNCTION = YES;
				GCC_WARN_UNUSED_VARIABLE = YES;
				IPHONEOS_DEPLOYMENT_TARGET = 9.2;
				MTL_ENABLE_DEBUG_INFO = NO;
				SDKROOT = iphoneos;
				VALIDATE_PRODUCT = YES;
			};
			name = Release;
		};
		6FACA8CA1C916F92004F43F5 /* Debug */ = {
			isa = XCBuildConfiguration;
			buildSettings = {
				ASSETCATALOG_COMPILER_APPICON_NAME = AppIcon;
				FRAMEWORK_SEARCH_PATHS = (
					"$(inherited)",
					"$(PROJECT_DIR)/Ripple",
				);
				INFOPLIST_FILE = Ripple/Info.plist;
				LD_RUNPATH_SEARCH_PATHS = "$(inherited) @executable_path/Frameworks";
				PRODUCT_BUNDLE_IDENTIFIER = dnll.Ripple;
				PRODUCT_NAME = "$(TARGET_NAME)";
			};
			name = Debug;
		};
		6FACA8CB1C916F92004F43F5 /* Release */ = {
			isa = XCBuildConfiguration;
			buildSettings = {
				ASSETCATALOG_COMPILER_APPICON_NAME = AppIcon;
				FRAMEWORK_SEARCH_PATHS = (
					"$(inherited)",
					"$(PROJECT_DIR)/Ripple",
				);
				INFOPLIST_FILE = Ripple/Info.plist;
				LD_RUNPATH_SEARCH_PATHS = "$(inherited) @executable_path/Frameworks";
				PRODUCT_BUNDLE_IDENTIFIER = dnll.Ripple;
				PRODUCT_NAME = "$(TARGET_NAME)";
			};
			name = Release;
		};
		6FACA8CD1C916F92004F43F5 /* Debug */ = {
			isa = XCBuildConfiguration;
			buildSettings = {
				BUNDLE_LOADER = "$(TEST_HOST)";
				INFOPLIST_FILE = RippleTests/Info.plist;
				LD_RUNPATH_SEARCH_PATHS = "$(inherited) @executable_path/Frameworks @loader_path/Frameworks";
				PRODUCT_BUNDLE_IDENTIFIER = dnll.RippleTests;
				PRODUCT_NAME = "$(TARGET_NAME)";
				TEST_HOST = "$(BUILT_PRODUCTS_DIR)/Ripple.app/Ripple";
			};
			name = Debug;
		};
		6FACA8CE1C916F92004F43F5 /* Release */ = {
			isa = XCBuildConfiguration;
			buildSettings = {
				BUNDLE_LOADER = "$(TEST_HOST)";
				INFOPLIST_FILE = RippleTests/Info.plist;
				LD_RUNPATH_SEARCH_PATHS = "$(inherited) @executable_path/Frameworks @loader_path/Frameworks";
				PRODUCT_BUNDLE_IDENTIFIER = dnll.RippleTests;
				PRODUCT_NAME = "$(TARGET_NAME)";
				TEST_HOST = "$(BUILT_PRODUCTS_DIR)/Ripple.app/Ripple";
			};
			name = Release;
		};
/* End XCBuildConfiguration section */

/* Begin XCConfigurationList section */
		6FACA8A21C916F92004F43F5 /* Build configuration list for PBXProject "Ripple" */ = {
			isa = XCConfigurationList;
			buildConfigurations = (
				6FACA8C71C916F92004F43F5 /* Debug */,
				6FACA8C81C916F92004F43F5 /* Release */,
			);
			defaultConfigurationIsVisible = 0;
			defaultConfigurationName = Release;
		};
		6FACA8C91C916F92004F43F5 /* Build configuration list for PBXNativeTarget "Ripple" */ = {
			isa = XCConfigurationList;
			buildConfigurations = (
				6FACA8CA1C916F92004F43F5 /* Debug */,
				6FACA8CB1C916F92004F43F5 /* Release */,
			);
			defaultConfigurationIsVisible = 0;
			defaultConfigurationName = Release;
		};
		6FACA8CC1C916F92004F43F5 /* Build configuration list for PBXNativeTarget "RippleTests" */ = {
			isa = XCConfigurationList;
			buildConfigurations = (
				6FACA8CD1C916F92004F43F5 /* Debug */,
				6FACA8CE1C916F92004F43F5 /* Release */,
			);
			defaultConfigurationIsVisible = 0;
			defaultConfigurationName = Release;
		};
/* End XCConfigurationList section */

/* Begin XCVersionGroup section */
		6FACA8DF1C917BDD004F43F5 /* Ripple.xcdatamodeld */ = {
			isa = XCVersionGroup;
			children = (
				6FACA8E01C917BDD004F43F5 /* Ripple.xcdatamodel */,
			);
			currentVersion = 6FACA8E01C917BDD004F43F5 /* Ripple.xcdatamodel */;
			path = Ripple.xcdatamodeld;
			sourceTree = "<group>";
			versionGroupType = wrapper.xcdatamodel;
		};
/* End XCVersionGroup section */
	};
	rootObject = 6FACA89F1C916F92004F43F5 /* Project object */;
}
